// !$*UTF8*$!
{
	archiveVersion = 1;
	classes = {
	};
	objectVersion = 50;
	objects = {

/* Begin PBXBuildFile section */
		56B27BB59F74EE9AA4AB569D /* Pods_meteo_app.framework in Frameworks */ = {isa = PBXBuildFile; fileRef = 78695DF0603A9E49799B9D3C /* Pods_meteo_app.framework */; };
		9852FFA620CFD43C003892D2 /* DailyforecastCell.swift in Sources */ = {isa = PBXBuildFile; fileRef = 9852FFA520CFD43C003892D2 /* DailyforecastCell.swift */; };
		9852FFD620D026A6003892D2 /* ExtraInformationCell.swift in Sources */ = {isa = PBXBuildFile; fileRef = 9852FFD520D026A6003892D2 /* ExtraInformationCell.swift */; };
		98788F4C20CED40A000CB520 /* HourlyCell.swift in Sources */ = {isa = PBXBuildFile; fileRef = 98788F4B20CED40A000CB520 /* HourlyCell.swift */; };
		98788F4E20CED9A1000CB520 /* HourlyforecastCell.swift in Sources */ = {isa = PBXBuildFile; fileRef = 98788F4D20CED9A1000CB520 /* HourlyforecastCell.swift */; };
		98A2382E20CD344D00D886C2 /* AppDelegate.swift in Sources */ = {isa = PBXBuildFile; fileRef = 98A2382D20CD344D00D886C2 /* AppDelegate.swift */; };
		98A2383020CD344D00D886C2 /* ViewController.swift in Sources */ = {isa = PBXBuildFile; fileRef = 98A2382F20CD344D00D886C2 /* ViewController.swift */; };
		98A2383320CD344D00D886C2 /* Main.storyboard in Resources */ = {isa = PBXBuildFile; fileRef = 98A2383120CD344D00D886C2 /* Main.storyboard */; };
		98A2383520CD344F00D886C2 /* Assets.xcassets in Resources */ = {isa = PBXBuildFile; fileRef = 98A2383420CD344F00D886C2 /* Assets.xcassets */; };
		98A2383820CD344F00D886C2 /* LaunchScreen.storyboard in Resources */ = {isa = PBXBuildFile; fileRef = 98A2383620CD344F00D886C2 /* LaunchScreen.storyboard */; };
		98A2384020CD398000D886C2 /* CitiesData.swift in Sources */ = {isa = PBXBuildFile; fileRef = 98A2383F20CD398000D886C2 /* CitiesData.swift */; };
		98A2384220CD39E000D886C2 /* City.swift in Sources */ = {isa = PBXBuildFile; fileRef = 98A2384120CD39E000D886C2 /* City.swift */; };
		98A2384420CD50EB00D886C2 /* DetailsCoordinateViewController.swift in Sources */ = {isa = PBXBuildFile; fileRef = 98A2384320CD50EB00D886C2 /* DetailsCoordinateViewController.swift */; };
		98C770AF20D177B80062DD8A /* paysCell.swift in Sources */ = {isa = PBXBuildFile; fileRef = 98C770AE20D177B80062DD8A /* paysCell.swift */; };
/* End PBXBuildFile section */

/* Begin PBXFileReference section */
		450AA9AD9AD4265B4550689C /* Pods-meteo-app.release.xcconfig */ = {isa = PBXFileReference; includeInIndex = 1; lastKnownFileType = text.xcconfig; name = "Pods-meteo-app.release.xcconfig"; path = "Pods/Target Support Files/Pods-meteo-app/Pods-meteo-app.release.xcconfig"; sourceTree = "<group>"; };
		78695DF0603A9E49799B9D3C /* Pods_meteo_app.framework */ = {isa = PBXFileReference; explicitFileType = wrapper.framework; includeInIndex = 0; path = Pods_meteo_app.framework; sourceTree = BUILT_PRODUCTS_DIR; };
		9852FFA520CFD43C003892D2 /* DailyforecastCell.swift */ = {isa = PBXFileReference; lastKnownFileType = sourcecode.swift; path = DailyforecastCell.swift; sourceTree = "<group>"; };
		9852FFD520D026A6003892D2 /* ExtraInformationCell.swift */ = {isa = PBXFileReference; lastKnownFileType = sourcecode.swift; path = ExtraInformationCell.swift; sourceTree = "<group>"; };
		98788F4B20CED40A000CB520 /* HourlyCell.swift */ = {isa = PBXFileReference; lastKnownFileType = sourcecode.swift; path = HourlyCell.swift; sourceTree = "<group>"; };
		98788F4D20CED9A1000CB520 /* HourlyforecastCell.swift */ = {isa = PBXFileReference; lastKnownFileType = sourcecode.swift; path = HourlyforecastCell.swift; sourceTree = "<group>"; };
		98A2382A20CD344D00D886C2 /* meteo-app.app */ = {isa = PBXFileReference; explicitFileType = wrapper.application; includeInIndex = 0; path = "meteo-app.app"; sourceTree = BUILT_PRODUCTS_DIR; };
		98A2382D20CD344D00D886C2 /* AppDelegate.swift */ = {isa = PBXFileReference; lastKnownFileType = sourcecode.swift; path = AppDelegate.swift; sourceTree = "<group>"; };
		98A2382F20CD344D00D886C2 /* ViewController.swift */ = {isa = PBXFileReference; lastKnownFileType = sourcecode.swift; path = ViewController.swift; sourceTree = "<group>"; };
		98A2383220CD344D00D886C2 /* Base */ = {isa = PBXFileReference; lastKnownFileType = file.storyboard; name = Base; path = Base.lproj/Main.storyboard; sourceTree = "<group>"; };
		98A2383420CD344F00D886C2 /* Assets.xcassets */ = {isa = PBXFileReference; lastKnownFileType = folder.assetcatalog; path = Assets.xcassets; sourceTree = "<group>"; };
		98A2383720CD344F00D886C2 /* Base */ = {isa = PBXFileReference; lastKnownFileType = file.storyboard; name = Base; path = Base.lproj/LaunchScreen.storyboard; sourceTree = "<group>"; };
		98A2383920CD344F00D886C2 /* Info.plist */ = {isa = PBXFileReference; lastKnownFileType = text.plist.xml; path = Info.plist; sourceTree = "<group>"; };
		98A2383F20CD398000D886C2 /* CitiesData.swift */ = {isa = PBXFileReference; lastKnownFileType = sourcecode.swift; path = CitiesData.swift; sourceTree = "<group>"; };
		98A2384120CD39E000D886C2 /* City.swift */ = {isa = PBXFileReference; lastKnownFileType = sourcecode.swift; path = City.swift; sourceTree = "<group>"; };
		98A2384320CD50EB00D886C2 /* DetailsCoordinateViewController.swift */ = {isa = PBXFileReference; lastKnownFileType = sourcecode.swift; path = DetailsCoordinateViewController.swift; sourceTree = "<group>"; };
		98C770AE20D177B80062DD8A /* paysCell.swift */ = {isa = PBXFileReference; lastKnownFileType = sourcecode.swift; path = paysCell.swift; sourceTree = "<group>"; };
		F3CB3D2AF8EB5144FD1532A7 /* Pods-meteo-app.debug.xcconfig */ = {isa = PBXFileReference; includeInIndex = 1; lastKnownFileType = text.xcconfig; name = "Pods-meteo-app.debug.xcconfig"; path = "Pods/Target Support Files/Pods-meteo-app/Pods-meteo-app.debug.xcconfig"; sourceTree = "<group>"; };
/* End PBXFileReference section */

/* Begin PBXFrameworksBuildPhase section */
		98A2382720CD344D00D886C2 /* Frameworks */ = {
			isa = PBXFrameworksBuildPhase;
			buildActionMask = 2147483647;
			files = (
				56B27BB59F74EE9AA4AB569D /* Pods_meteo_app.framework in Frameworks */,
			);
			runOnlyForDeploymentPostprocessing = 0;
		};
/* End PBXFrameworksBuildPhase section */

/* Begin PBXGroup section */
		9328D0676E6372C152D654CF /* Frameworks */ = {
			isa = PBXGroup;
			children = (
				78695DF0603A9E49799B9D3C /* Pods_meteo_app.framework */,
			);
			name = Frameworks;
			sourceTree = "<group>";
		};
		9857E9C020CEAB3700AC212A /* Cells */ = {
			isa = PBXGroup;
			children = (
				98788F4B20CED40A000CB520 /* HourlyCell.swift */,
				98788F4D20CED9A1000CB520 /* HourlyforecastCell.swift */,
				9852FFA520CFD43C003892D2 /* DailyforecastCell.swift */,
				9852FFD520D026A6003892D2 /* ExtraInformationCell.swift */,
				98C770AE20D177B80062DD8A /* paysCell.swift */,
			);
			path = Cells;
			sourceTree = "<group>";
		};
		98A2382120CD344D00D886C2 = {
			isa = PBXGroup;
			children = (
				98A2382C20CD344D00D886C2 /* meteo-app */,
				98A2382B20CD344D00D886C2 /* Products */,
				E2ABE7083469CC589743DDC0 /* Pods */,
				9328D0676E6372C152D654CF /* Frameworks */,
			);
			sourceTree = "<group>";
		};
		98A2382B20CD344D00D886C2 /* Products */ = {
			isa = PBXGroup;
			children = (
				98A2382A20CD344D00D886C2 /* meteo-app.app */,
			);
			name = Products;
			sourceTree = "<group>";
		};
		98A2382C20CD344D00D886C2 /* meteo-app */ = {
			isa = PBXGroup;
			children = (
				9857E9C020CEAB3700AC212A /* Cells */,
				98A2382D20CD344D00D886C2 /* AppDelegate.swift */,
				98A2382F20CD344D00D886C2 /* ViewController.swift */,
				98A2383120CD344D00D886C2 /* Main.storyboard */,
				98A2383420CD344F00D886C2 /* Assets.xcassets */,
				98A2383620CD344F00D886C2 /* LaunchScreen.storyboard */,
				98A2383920CD344F00D886C2 /* Info.plist */,
				98A2383F20CD398000D886C2 /* CitiesData.swift */,
				98A2384120CD39E000D886C2 /* City.swift */,
				98A2384320CD50EB00D886C2 /* DetailsCoordinateViewController.swift */,
			);
			path = "meteo-app";
			sourceTree = "<group>";
		};
		E2ABE7083469CC589743DDC0 /* Pods */ = {
			isa = PBXGroup;
			children = (
				F3CB3D2AF8EB5144FD1532A7 /* Pods-meteo-app.debug.xcconfig */,
				450AA9AD9AD4265B4550689C /* Pods-meteo-app.release.xcconfig */,
			);
			name = Pods;
			sourceTree = "<group>";
		};
/* End PBXGroup section */

/* Begin PBXNativeTarget section */
		98A2382920CD344D00D886C2 /* meteo-app */ = {
			isa = PBXNativeTarget;
			buildConfigurationList = 98A2383C20CD344F00D886C2 /* Build configuration list for PBXNativeTarget "meteo-app" */;
			buildPhases = (
				15C7537810DC15BF3B10B190 /* [CP] Check Pods Manifest.lock */,
				98A2382620CD344D00D886C2 /* Sources */,
				98A2382720CD344D00D886C2 /* Frameworks */,
				98A2382820CD344D00D886C2 /* Resources */,
				38D456D8D7EB79A1B0B5AF19 /* [CP] Embed Pods Frameworks */,
			);
			buildRules = (
			);
			dependencies = (
			);
			name = "meteo-app";
			productName = "meteo-app";
			productReference = 98A2382A20CD344D00D886C2 /* meteo-app.app */;
			productType = "com.apple.product-type.application";
		};
/* End PBXNativeTarget section */

/* Begin PBXProject section */
		98A2382220CD344D00D886C2 /* Project object */ = {
			isa = PBXProject;
			attributes = {
				LastSwiftUpdateCheck = 0930;
				LastUpgradeCheck = 0930;
				ORGANIZATIONNAME = Bouznir;
				TargetAttributes = {
					98A2382920CD344D00D886C2 = {
						CreatedOnToolsVersion = 9.3.1;
					};
				};
			};
			buildConfigurationList = 98A2382520CD344D00D886C2 /* Build configuration list for PBXProject "meteo-app" */;
			compatibilityVersion = "Xcode 9.3";
			developmentRegion = en;
			hasScannedForEncodings = 0;
			knownRegions = (
				en,
				Base,
			);
			mainGroup = 98A2382120CD344D00D886C2;
			productRefGroup = 98A2382B20CD344D00D886C2 /* Products */;
			projectDirPath = "";
			projectRoot = "";
			targets = (
				98A2382920CD344D00D886C2 /* meteo-app */,
			);
		};
/* End PBXProject section */

/* Begin PBXResourcesBuildPhase section */
		98A2382820CD344D00D886C2 /* Resources */ = {
			isa = PBXResourcesBuildPhase;
			buildActionMask = 2147483647;
			files = (
				98A2383820CD344F00D886C2 /* LaunchScreen.storyboard in Resources */,
				98A2383520CD344F00D886C2 /* Assets.xcassets in Resources */,
				98A2383320CD344D00D886C2 /* Main.storyboard in Resources */,
			);
			runOnlyForDeploymentPostprocessing = 0;
		};
/* End PBXResourcesBuildPhase section */

/* Begin PBXShellScriptBuildPhase section */
		15C7537810DC15BF3B10B190 /* [CP] Check Pods Manifest.lock */ = {
			isa = PBXShellScriptBuildPhase;
			buildActionMask = 2147483647;
			files = (
			);
			inputPaths = (
				"${PODS_PODFILE_DIR_PATH}/Podfile.lock",
				"${PODS_ROOT}/Manifest.lock",
			);
			name = "[CP] Check Pods Manifest.lock";
			outputPaths = (
				"$(DERIVED_FILE_DIR)/Pods-meteo-app-checkManifestLockResult.txt",
			);
			runOnlyForDeploymentPostprocessing = 0;
			shellPath = /bin/sh;
			shellScript = "diff \"${PODS_PODFILE_DIR_PATH}/Podfile.lock\" \"${PODS_ROOT}/Manifest.lock\" > /dev/null\nif [ $? != 0 ] ; then\n    # print error to STDERR\n    echo \"error: The sandbox is not in sync with the Podfile.lock. Run 'pod install' or update your CocoaPods installation.\" >&2\n    exit 1\nfi\n# This output is used by Xcode 'outputs' to avoid re-running this script phase.\necho \"SUCCESS\" > \"${SCRIPT_OUTPUT_FILE_0}\"\n";
			showEnvVarsInLog = 0;
		};
		38D456D8D7EB79A1B0B5AF19 /* [CP] Embed Pods Frameworks */ = {
			isa = PBXShellScriptBuildPhase;
			buildActionMask = 2147483647;
			files = (
			);
			inputPaths = (
				"${SRCROOT}/Pods/Target Support Files/Pods-meteo-app/Pods-meteo-app-frameworks.sh",
				"${BUILT_PRODUCTS_DIR}/Alamofire/Alamofire.framework",
				"${BUILT_PRODUCTS_DIR}/SDWebImage/SDWebImage.framework",
				"${BUILT_PRODUCTS_DIR}/SwiftyJSON/SwiftyJSON.framework",
			);
			name = "[CP] Embed Pods Frameworks";
			outputPaths = (
				"${TARGET_BUILD_DIR}/${FRAMEWORKS_FOLDER_PATH}/Alamofire.framework",
				"${TARGET_BUILD_DIR}/${FRAMEWORKS_FOLDER_PATH}/SDWebImage.framework",
				"${TARGET_BUILD_DIR}/${FRAMEWORKS_FOLDER_PATH}/SwiftyJSON.framework",
			);
			runOnlyForDeploymentPostprocessing = 0;
			shellPath = /bin/sh;
			shellScript = "\"${SRCROOT}/Pods/Target Support Files/Pods-meteo-app/Pods-meteo-app-frameworks.sh\"\n";
			showEnvVarsInLog = 0;
		};
/* End PBXShellScriptBuildPhase section */

/* Begin PBXSourcesBuildPhase section */
		98A2382620CD344D00D886C2 /* Sources */ = {
			isa = PBXSourcesBuildPhase;
			buildActionMask = 2147483647;
			files = (
				98A2383020CD344D00D886C2 /* ViewController.swift in Sources */,
				98A2382E20CD344D00D886C2 /* AppDelegate.swift in Sources */,
				98C770AF20D177B80062DD8A /* paysCell.swift in Sources */,
				98A2384420CD50EB00D886C2 /* DetailsCoordinateViewController.swift in Sources */,
				9852FFA620CFD43C003892D2 /* DailyforecastCell.swift in Sources */,
				98A2384220CD39E000D886C2 /* City.swift in Sources */,
				98788F4C20CED40A000CB520 /* HourlyCell.swift in Sources */,
				9852FFD620D026A6003892D2 /* ExtraInformationCell.swift in Sources */,
				98788F4E20CED9A1000CB520 /* HourlyforecastCell.swift in Sources */,
				98A2384020CD398000D886C2 /* CitiesData.swift in Sources */,
			);
			runOnlyForDeploymentPostprocessing = 0;
		};
/* End PBXSourcesBuildPhase section */

/* Begin PBXVariantGroup section */
		98A2383120CD344D00D886C2 /* Main.storyboard */ = {
			isa = PBXVariantGroup;
			children = (
				98A2383220CD344D00D886C2 /* Base */,
			);
			name = Main.storyboard;
			sourceTree = "<group>";
		};
		98A2383620CD344F00D886C2 /* LaunchScreen.storyboard */ = {
			isa = PBXVariantGroup;
			children = (
				98A2383720CD344F00D886C2 /* Base */,
			);
			name = LaunchScreen.storyboard;
			sourceTree = "<group>";
		};
/* End PBXVariantGroup section */

/* Begin XCBuildConfiguration section */
		98A2383A20CD344F00D886C2 /* Debug */ = {
			isa = XCBuildConfiguration;
			buildSettings = {
				ALWAYS_SEARCH_USER_PATHS = NO;
				CLANG_ANALYZER_NONNULL = YES;
				CLANG_ANALYZER_NUMBER_OBJECT_CONVERSION = YES_AGGRESSIVE;
				CLANG_CXX_LANGUAGE_STANDARD = "gnu++14";
				CLANG_CXX_LIBRARY = "libc++";
				CLANG_ENABLE_MODULES = YES;
				CLANG_ENABLE_OBJC_ARC = YES;
				CLANG_ENABLE_OBJC_WEAK = YES;
				CLANG_WARN_BLOCK_CAPTURE_AUTORELEASING = YES;
				CLANG_WARN_BOOL_CONVERSION = YES;
				CLANG_WARN_COMMA = YES;
				CLANG_WARN_CONSTANT_CONVERSION = YES;
				CLANG_WARN_DEPRECATED_OBJC_IMPLEMENTATIONS = YES;
				CLANG_WARN_DIRECT_OBJC_ISA_USAGE = YES_ERROR;
				CLANG_WARN_DOCUMENTATION_COMMENTS = YES;
				CLANG_WARN_EMPTY_BODY = YES;
				CLANG_WARN_ENUM_CONVERSION = YES;
				CLANG_WARN_INFINITE_RECURSION = YES;
				CLANG_WARN_INT_CONVERSION = YES;
				CLANG_WARN_NON_LITERAL_NULL_CONVERSION = YES;
				CLANG_WARN_OBJC_IMPLICIT_RETAIN_SELF = YES;
				CLANG_WARN_OBJC_LITERAL_CONVERSION = YES;
				CLANG_WARN_OBJC_ROOT_CLASS = YES_ERROR;
				CLANG_WARN_RANGE_LOOP_ANALYSIS = YES;
				CLANG_WARN_STRICT_PROTOTYPES = YES;
				CLANG_WARN_SUSPICIOUS_MOVE = YES;
				CLANG_WARN_UNGUARDED_AVAILABILITY = YES_AGGRESSIVE;
				CLANG_WARN_UNREACHABLE_CODE = YES;
				CLANG_WARN__DUPLICATE_METHOD_MATCH = YES;
				CODE_SIGN_IDENTITY = "iPhone Developer";
				COPY_PHASE_STRIP = NO;
				DEBUG_INFORMATION_FORMAT = dwarf;
				ENABLE_STRICT_OBJC_MSGSEND = YES;
				ENABLE_TESTABILITY = YES;
				GCC_C_LANGUAGE_STANDARD = gnu11;
				GCC_DYNAMIC_NO_PIC = NO;
				GCC_NO_COMMON_BLOCKS = YES;
				GCC_OPTIMIZATION_LEVEL = 0;
				GCC_PREPROCESSOR_DEFINITIONS = (
					"DEBUG=1",
					"$(inherited)",
				);
				GCC_WARN_64_TO_32_BIT_CONVERSION = YES;
				GCC_WARN_ABOUT_RETURN_TYPE = YES_ERROR;
				GCC_WARN_UNDECLARED_SELECTOR = YES;
				GCC_WARN_UNINITIALIZED_AUTOS = YES_AGGRESSIVE;
				GCC_WARN_UNUSED_FUNCTION = YES;
				GCC_WARN_UNUSED_VARIABLE = YES;
				IPHONEOS_DEPLOYMENT_TARGET = 11.3;
				MTL_ENABLE_DEBUG_INFO = YES;
				ONLY_ACTIVE_ARCH = YES;
				SDKROOT = iphoneos;
				SWIFT_ACTIVE_COMPILATION_CONDITIONS = DEBUG;
				SWIFT_OPTIMIZATION_LEVEL = "-Onone";
			};
			name = Debug;
		};
		98A2383B20CD344F00D886C2 /* Release */ = {
			isa = XCBuildConfiguration;
			buildSettings = {
				ALWAYS_SEARCH_USER_PATHS = NO;
				CLANG_ANALYZER_NONNULL = YES;
				CLANG_ANALYZER_NUMBER_OBJECT_CONVERSION = YES_AGGRESSIVE;
				CLANG_CXX_LANGUAGE_STANDARD = "gnu++14";
				CLANG_CXX_LIBRARY = "libc++";
				CLANG_ENABLE_MODULES = YES;
				CLANG_ENABLE_OBJC_ARC = YES;
				CLANG_ENABLE_OBJC_WEAK = YES;
				CLANG_WARN_BLOCK_CAPTURE_AUTORELEASING = YES;
				CLANG_WARN_BOOL_CONVERSION = YES;
				CLANG_WARN_COMMA = YES;
				CLANG_WARN_CONSTANT_CONVERSION = YES;
				CLANG_WARN_DEPRECATED_OBJC_IMPLEMENTATIONS = YES;
				CLANG_WARN_DIRECT_OBJC_ISA_USAGE = YES_ERROR;
				CLANG_WARN_DOCUMENTATION_COMMENTS = YES;
				CLANG_WARN_EMPTY_BODY = YES;
				CLANG_WARN_ENUM_CONVERSION = YES;
				CLANG_WARN_INFINITE_RECURSION = YES;
				CLANG_WARN_INT_CONVERSION = YES;
				CLANG_WARN_NON_LITERAL_NULL_CONVERSION = YES;
				CLANG_WARN_OBJC_IMPLICIT_RETAIN_SELF = YES;
				CLANG_WARN_OBJC_LITERAL_CONVERSION = YES;
				CLANG_WARN_OBJC_ROOT_CLASS = YES_ERROR;
				CLANG_WARN_RANGE_LOOP_ANALYSIS = YES;
				CLANG_WARN_STRICT_PROTOTYPES = YES;
				CLANG_WARN_SUSPICIOUS_MOVE = YES;
				CLANG_WARN_UNGUARDED_AVAILABILITY = YES_AGGRESSIVE;
				CLANG_WARN_UNREACHABLE_CODE = YES;
				CLANG_WARN__DUPLICATE_METHOD_MATCH = YES;
				CODE_SIGN_IDENTITY = "iPhone Developer";
				COPY_PHASE_STRIP = NO;
				DEBUG_INFORMATION_FORMAT = "dwarf-with-dsym";
				ENABLE_NS_ASSERTIONS = NO;
				ENABLE_STRICT_OBJC_MSGSEND = YES;
				GCC_C_LANGUAGE_STANDARD = gnu11;
				GCC_NO_COMMON_BLOCKS = YES;
				GCC_WARN_64_TO_32_BIT_CONVERSION = YES;
				GCC_WARN_ABOUT_RETURN_TYPE = YES_ERROR;
				GCC_WARN_UNDECLARED_SELECTOR = YES;
				GCC_WARN_UNINITIALIZED_AUTOS = YES_AGGRESSIVE;
				GCC_WARN_UNUSED_FUNCTION = YES;
				GCC_WARN_UNUSED_VARIABLE = YES;
				IPHONEOS_DEPLOYMENT_TARGET = 11.3;
				MTL_ENABLE_DEBUG_INFO = NO;
				SDKROOT = iphoneos;
				SWIFT_COMPILATION_MODE = wholemodule;
				SWIFT_OPTIMIZATION_LEVEL = "-O";
				VALIDATE_PRODUCT = YES;
			};
			name = Release;
		};
		98A2383D20CD344F00D886C2 /* Debug */ = {
			isa = XCBuildConfiguration;
			baseConfigurationReference = F3CB3D2AF8EB5144FD1532A7 /* Pods-meteo-app.debug.xcconfig */;
			buildSettings = {
				ASSETCATALOG_COMPILER_APPICON_NAME = AppIcon;
				CODE_SIGN_STYLE = Automatic;
				INFOPLIST_FILE = "meteo-app/Info.plist";
				LD_RUNPATH_SEARCH_PATHS = (
					"$(inherited)",
					"@executable_path/Frameworks",
				);
				PRODUCT_BUNDLE_IDENTIFIER = "efreitech.session2.meteo-app";
				PRODUCT_NAME = "$(TARGET_NAME)";
				SWIFT_VERSION = 4.0;
				TARGETED_DEVICE_FAMILY = "1,2";
			};
			name = Debug;
		};
		98A2383E20CD344F00D886C2 /* Release */ = {
			isa = XCBuildConfiguration;
			baseConfigurationReference = 450AA9AD9AD4265B4550689C /* Pods-meteo-app.release.xcconfig */;
			buildSettings = {
				ASSETCATALOG_COMPILER_APPICON_NAME = AppIcon;
				CODE_SIGN_STYLE = Automatic;
				INFOPLIST_FILE = "meteo-app/Info.plist";
				LD_RUNPATH_SEARCH_PATHS = (
					"$(inherited)",
					"@executable_path/Frameworks",
				);
				PRODUCT_BUNDLE_IDENTIFIER = "efreitech.session2.meteo-app";
				PRODUCT_NAME = "$(TARGET_NAME)";
				SWIFT_VERSION = 4.0;
				TARGETED_DEVICE_FAMILY = "1,2";
			};
			name = Release;
		};
/* End XCBuildConfiguration section */

/* Begin XCConfigurationList section */
		98A2382520CD344D00D886C2 /* Build configuration list for PBXProject "meteo-app" */ = {
			isa = XCConfigurationList;
			buildConfigurations = (
				98A2383A20CD344F00D886C2 /* Debug */,
				98A2383B20CD344F00D886C2 /* Release */,
			);
			defaultConfigurationIsVisible = 0;
			defaultConfigurationName = Release;
		};
		98A2383C20CD344F00D886C2 /* Build configuration list for PBXNativeTarget "meteo-app" */ = {
			isa = XCConfigurationList;
			buildConfigurations = (
				98A2383D20CD344F00D886C2 /* Debug */,
				98A2383E20CD344F00D886C2 /* Release */,
			);
			defaultConfigurationIsVisible = 0;
			defaultConfigurationName = Release;
		};
/* End XCConfigurationList section */
	};
	rootObject = 98A2382220CD344D00D886C2 /* Project object */;
}
